
Microsoft Visual Studio Solution File, Format Version 12.00
# Visual Studio Version 16
VisualStudioVersion = 16.0.33927.289
MinimumVisualStudioVersion = 10.0.40219.1
Project("{FAE04EC0-301F-11D3-BF4B-00C04F79EFBC}") = "S1158046_EX5", "S1158046_EX5\S1158046_EX5.csproj", "{670D3751-F39D-4C83-92FB-51C3CDA34B34}"
EndProject
Global
	GlobalSection(SolutionConfigurationPlatforms) = preSolution
		Debug|Any CPU = Debug|Any CPU
		Release|Any CPU = Release|Any CPU
	EndGlobalSection
	GlobalSection(ProjectConfigurationPlatforms) = postSolution
		{670D3751-F39D-4C83-92FB-51C3CDA34B34}.Debug|Any CPU.ActiveCfg = Debug|Any CPU
		{670D3751-F39D-4C83-92FB-51C3CDA34B34}.Debug|Any CPU.Build.0 = Debug|Any CPU
		{670D3751-F39D-4C83-92FB-51C3CDA34B34}.Release|Any CPU.ActiveCfg = Release|Any CPU
		{670D3751-F39D-4C83-92FB-51C3CDA34B34}.Release|Any CPU.Build.0 = Release|Any CPU
	EndGlobalSection
	GlobalSection(SolutionProperties) = preSolution
		HideSolutionNode = FALSE
	EndGlobalSection
	GlobalSection(ExtensibilityGlobals) = postSolution
		SolutionGuid = {09C43CCC-9783-4AB9-A952-C261C7A34AB1}
	EndGlobalSection
EndGlobal
