
Microsoft Visual Studio Solution File, Format Version 12.00
# Visual Studio Version 17
VisualStudioVersion = 17.9.34723.18
MinimumVisualStudioVersion = 10.0.40219.1
Project("{FAE04EC0-301F-11D3-BF4B-00C04F79EFBC}") = "Exam2", "Exam2\Exam2.csproj", "{6C4D0CF5-A350-4F79-A840-941FD0743ED7}"
EndProject
Global
	GlobalSection(SolutionConfigurationPlatforms) = preSolution
		Debug|Any CPU = Debug|Any CPU
		Release|Any CPU = Release|Any CPU
	EndGlobalSection
	GlobalSection(ProjectConfigurationPlatforms) = postSolution
		{6C4D0CF5-A350-4F79-A840-941FD0743ED7}.Debug|Any CPU.ActiveCfg = Debug|Any CPU
		{6C4D0CF5-A350-4F79-A840-941FD0743ED7}.Debug|Any CPU.Build.0 = Debug|Any CPU
		{6C4D0CF5-A350-4F79-A840-941FD0743ED7}.Release|Any CPU.ActiveCfg = Release|Any CPU
		{6C4D0CF5-A350-4F79-A840-941FD0743ED7}.Release|Any CPU.Build.0 = Release|Any CPU
	EndGlobalSection
	GlobalSection(SolutionProperties) = preSolution
		HideSolutionNode = FALSE
	EndGlobalSection
	GlobalSection(ExtensibilityGlobals) = postSolution
		SolutionGuid = {ABA5E90A-5E65-4052-9C51-14FAAA4472D2}
	EndGlobalSection
EndGlobal
