
Microsoft Visual Studio Solution File, Format Version 12.00
# Visual Studio Version 17
VisualStudioVersion = 17.9.34723.18
MinimumVisualStudioVersion = 10.0.40219.1
Project("{FAE04EC0-301F-11D3-BF4B-00C04F79EFBC}") = "Exam1", "Exam1\Exam1.csproj", "{707AD7B0-4F45-42A5-A7B0-4157999D7309}"
EndProject
Global
	GlobalSection(SolutionConfigurationPlatforms) = preSolution
		Debug|Any CPU = Debug|Any CPU
		Release|Any CPU = Release|Any CPU
	EndGlobalSection
	GlobalSection(ProjectConfigurationPlatforms) = postSolution
		{707AD7B0-4F45-42A5-A7B0-4157999D7309}.Debug|Any CPU.ActiveCfg = Debug|Any CPU
		{707AD7B0-4F45-42A5-A7B0-4157999D7309}.Debug|Any CPU.Build.0 = Debug|Any CPU
		{707AD7B0-4F45-42A5-A7B0-4157999D7309}.Release|Any CPU.ActiveCfg = Release|Any CPU
		{707AD7B0-4F45-42A5-A7B0-4157999D7309}.Release|Any CPU.Build.0 = Release|Any CPU
	EndGlobalSection
	GlobalSection(SolutionProperties) = preSolution
		HideSolutionNode = FALSE
	EndGlobalSection
	GlobalSection(ExtensibilityGlobals) = postSolution
		SolutionGuid = {693384E4-342B-4D6A-97AD-39B972BB8A51}
	EndGlobalSection
EndGlobal
